// !$*UTF8*$!
{
	archiveVersion = 1;
	classes = {
	};
	objectVersion = 48;
	objects = {

/* Begin PBXBuildFile section */
		BB68CCB22048C8F900269AB0 /* AppDelegate.swift in Sources */ = {isa = PBXBuildFile; fileRef = BB68CCB12048C8F900269AB0 /* AppDelegate.swift */; };
		BB68CCB42048C8F900269AB0 /* ViewController.swift in Sources */ = {isa = PBXBuildFile; fileRef = BB68CCB32048C8F900269AB0 /* ViewController.swift */; };
		BB68CCB72048C8F900269AB0 /* Main.storyboard in Resources */ = {isa = PBXBuildFile; fileRef = BB68CCB52048C8F900269AB0 /* Main.storyboard */; };
		BB68CCB92048C8F900269AB0 /* Assets.xcassets in Resources */ = {isa = PBXBuildFile; fileRef = BB68CCB82048C8F900269AB0 /* Assets.xcassets */; };
		BB68CCBC2048C8F900269AB0 /* LaunchScreen.storyboard in Resources */ = {isa = PBXBuildFile; fileRef = BB68CCBA2048C8F900269AB0 /* LaunchScreen.storyboard */; };
		BB68CCC42048D06000269AB0 /* TarefaViewController.swift in Sources */ = {isa = PBXBuildFile; fileRef = BB68CCC32048D06000269AB0 /* TarefaViewController.swift */; };
		BB68CCC62048D41500269AB0 /* TarefaAdapter.swift in Sources */ = {isa = PBXBuildFile; fileRef = BB68CCC52048D41500269AB0 /* TarefaAdapter.swift */; };
		BB95E38E20FC150F0000FE0F /* post-it.png in Resources */ = {isa = PBXBuildFile; fileRef = BB95E38D20FC150E0000FE0F /* post-it.png */; };
/* End PBXBuildFile section */

/* Begin PBXFileReference section */
		BB68CCAE2048C8F900269AB0 /* Minhas Tarefas.app */ = {isa = PBXFileReference; explicitFileType = wrapper.application; includeInIndex = 0; path = "Minhas Tarefas.app"; sourceTree = BUILT_PRODUCTS_DIR; };
		BB68CCB12048C8F900269AB0 /* AppDelegate.swift */ = {isa = PBXFileReference; lastKnownFileType = sourcecode.swift; path = AppDelegate.swift; sourceTree = "<group>"; };
		BB68CCB32048C8F900269AB0 /* ViewController.swift */ = {isa = PBXFileReference; lastKnownFileType = sourcecode.swift; path = ViewController.swift; sourceTree = "<group>"; };
		BB68CCB62048C8F900269AB0 /* Base */ = {isa = PBXFileReference; lastKnownFileType = file.storyboard; name = Base; path = Base.lproj/Main.storyboard; sourceTree = "<group>"; };
		BB68CCB82048C8F900269AB0 /* Assets.xcassets */ = {isa = PBXFileReference; lastKnownFileType = folder.assetcatalog; path = Assets.xcassets; sourceTree = "<group>"; };
		BB68CCBB2048C8F900269AB0 /* Base */ = {isa = PBXFileReference; lastKnownFileType = file.storyboard; name = Base; path = Base.lproj/LaunchScreen.storyboard; sourceTree = "<group>"; };
		BB68CCBD2048C8F900269AB0 /* Info.plist */ = {isa = PBXFileReference; lastKnownFileType = text.plist.xml; path = Info.plist; sourceTree = "<group>"; };
		BB68CCC32048D06000269AB0 /* TarefaViewController.swift */ = {isa = PBXFileReference; lastKnownFileType = sourcecode.swift; path = TarefaViewController.swift; sourceTree = "<group>"; };
		BB68CCC52048D41500269AB0 /* TarefaAdapter.swift */ = {isa = PBXFileReference; lastKnownFileType = sourcecode.swift; path = TarefaAdapter.swift; sourceTree = "<group>"; };
		BB95E38D20FC150E0000FE0F /* post-it.png */ = {isa = PBXFileReference; lastKnownFileType = image.png; path = "post-it.png"; sourceTree = "<group>"; };
/* End PBXFileReference section */

/* Begin PBXFrameworksBuildPhase section */
		BB68CCAB2048C8F900269AB0 /* Frameworks */ = {
			isa = PBXFrameworksBuildPhase;
			buildActionMask = 2147483647;
			files = (
			);
			runOnlyForDeploymentPostprocessing = 0;
		};
/* End PBXFrameworksBuildPhase section */

/* Begin PBXGroup section */
		BB68CCA52048C8F800269AB0 = {
			isa = PBXGroup;
			children = (
				BB68CCB02048C8F900269AB0 /* Minhas Tarefas */,
				BB68CCAF2048C8F900269AB0 /* Products */,
			);
			sourceTree = "<group>";
		};
		BB68CCAF2048C8F900269AB0 /* Products */ = {
			isa = PBXGroup;
			children = (
				BB68CCAE2048C8F900269AB0 /* Minhas Tarefas.app */,
			);
			name = Products;
			sourceTree = "<group>";
		};
		BB68CCB02048C8F900269AB0 /* Minhas Tarefas */ = {
			isa = PBXGroup;
			children = (
				BB95E38D20FC150E0000FE0F /* post-it.png */,
				BB68CCB12048C8F900269AB0 /* AppDelegate.swift */,
				BB68CCB32048C8F900269AB0 /* ViewController.swift */,
				BB68CCB52048C8F900269AB0 /* Main.storyboard */,
				BB68CCC32048D06000269AB0 /* TarefaViewController.swift */,
				BB68CCC52048D41500269AB0 /* TarefaAdapter.swift */,
				BB68CCB82048C8F900269AB0 /* Assets.xcassets */,
				BB68CCBA2048C8F900269AB0 /* LaunchScreen.storyboard */,
				BB68CCBD2048C8F900269AB0 /* Info.plist */,
			);
			path = "Minhas Tarefas";
			sourceTree = "<group>";
		};
/* End PBXGroup section */

/* Begin PBXNativeTarget section */
		BB68CCAD2048C8F900269AB0 /* Minhas Tarefas */ = {
			isa = PBXNativeTarget;
			buildConfigurationList = BB68CCC02048C8F900269AB0 /* Build configuration list for PBXNativeTarget "Minhas Tarefas" */;
			buildPhases = (
				BB68CCAA2048C8F900269AB0 /* Sources */,
				BB68CCAB2048C8F900269AB0 /* Frameworks */,
				BB68CCAC2048C8F900269AB0 /* Resources */,
			);
			buildRules = (
			);
			dependencies = (
			);
			name = "Minhas Tarefas";
			productName = "Minhas Tarefas";
			productReference = BB68CCAE2048C8F900269AB0 /* Minhas Tarefas.app */;
			productType = "com.apple.product-type.application";
		};
/* End PBXNativeTarget section */

/* Begin PBXProject section */
		BB68CCA62048C8F900269AB0 /* Project object */ = {
			isa = PBXProject;
			attributes = {
				LastSwiftUpdateCheck = 0920;
				LastUpgradeCheck = 0920;
				ORGANIZATIONNAME = Jonas;
				TargetAttributes = {
					BB68CCAD2048C8F900269AB0 = {
						CreatedOnToolsVersion = 9.2;
						ProvisioningStyle = Automatic;
					};
				};
			};
			buildConfigurationList = BB68CCA92048C8F900269AB0 /* Build configuration list for PBXProject "Minhas Tarefas" */;
			compatibilityVersion = "Xcode 8.0";
			developmentRegion = en;
			hasScannedForEncodings = 0;
			knownRegions = (
				en,
				Base,
			);
			mainGroup = BB68CCA52048C8F800269AB0;
			productRefGroup = BB68CCAF2048C8F900269AB0 /* Products */;
			projectDirPath = "";
			projectRoot = "";
			targets = (
				BB68CCAD2048C8F900269AB0 /* Minhas Tarefas */,
			);
		};
/* End PBXProject section */

/* Begin PBXResourcesBuildPhase section */
		BB68CCAC2048C8F900269AB0 /* Resources */ = {
			isa = PBXResourcesBuildPhase;
			buildActionMask = 2147483647;
			files = (
				BB68CCBC2048C8F900269AB0 /* LaunchScreen.storyboard in Resources */,
				BB68CCB92048C8F900269AB0 /* Assets.xcassets in Resources */,
				BB95E38E20FC150F0000FE0F /* post-it.png in Resources */,
				BB68CCB72048C8F900269AB0 /* Main.storyboard in Resources */,
			);
			runOnlyForDeploymentPostprocessing = 0;
		};
/* End PBXResourcesBuildPhase section */

/* Begin PBXSourcesBuildPhase section */
		BB68CCAA2048C8F900269AB0 /* Sources */ = {
			isa = PBXSourcesBuildPhase;
			buildActionMask = 2147483647;
			files = (
				BB68CCB42048C8F900269AB0 /* ViewController.swift in Sources */,
				BB68CCC62048D41500269AB0 /* TarefaAdapter.swift in Sources */,
				BB68CCC42048D06000269AB0 /* TarefaViewController.swift in Sources */,
				BB68CCB22048C8F900269AB0 /* AppDelegate.swift in Sources */,
			);
			runOnlyForDeploymentPostprocessing = 0;
		};
/* End PBXSourcesBuildPhase section */

/* Begin PBXVariantGroup section */
		BB68CCB52048C8F900269AB0 /* Main.storyboard */ = {
			isa = PBXVariantGroup;
			children = (
				BB68CCB62048C8F900269AB0 /* Base */,
			);
			name = Main.storyboard;
			sourceTree = "<group>";
		};
		BB68CCBA2048C8F900269AB0 /* LaunchScreen.storyboard */ = {
			isa = PBXVariantGroup;
			children = (
				BB68CCBB2048C8F900269AB0 /* Base */,
			);
			name = LaunchScreen.storyboard;
			sourceTree = "<group>";
		};
/* End PBXVariantGroup section */

/* Begin XCBuildConfiguration section */
		BB68CCBE2048C8F900269AB0 /* Debug */ = {
			isa = XCBuildConfiguration;
			buildSettings = {
				ALWAYS_SEARCH_USER_PATHS = NO;
				CLANG_ANALYZER_NONNULL = YES;
				CLANG_ANALYZER_NUMBER_OBJECT_CONVERSION = YES_AGGRESSIVE;
				CLANG_CXX_LANGUAGE_STANDARD = "gnu++14";
				CLANG_CXX_LIBRARY = "libc++";
				CLANG_ENABLE_MODULES = YES;
				CLANG_ENABLE_OBJC_ARC = YES;
				CLANG_WARN_BLOCK_CAPTURE_AUTORELEASING = YES;
				CLANG_WARN_BOOL_CONVERSION = YES;
				CLANG_WARN_COMMA = YES;
				CLANG_WARN_CONSTANT_CONVERSION = YES;
				CLANG_WARN_DIRECT_OBJC_ISA_USAGE = YES_ERROR;
				CLANG_WARN_DOCUMENTATION_COMMENTS = YES;
				CLANG_WARN_EMPTY_BODY = YES;
				CLANG_WARN_ENUM_CONVERSION = YES;
				CLANG_WARN_INFINITE_RECURSION = YES;
				CLANG_WARN_INT_CONVERSION = YES;
				CLANG_WARN_NON_LITERAL_NULL_CONVERSION = YES;
				CLANG_WARN_OBJC_LITERAL_CONVERSION = YES;
				CLANG_WARN_OBJC_ROOT_CLASS = YES_ERROR;
				CLANG_WARN_RANGE_LOOP_ANALYSIS = YES;
				CLANG_WARN_STRICT_PROTOTYPES = YES;
				CLANG_WARN_SUSPICIOUS_MOVE = YES;
				CLANG_WARN_UNGUARDED_AVAILABILITY = YES_AGGRESSIVE;
				CLANG_WARN_UNREACHABLE_CODE = YES;
				CLANG_WARN__DUPLICATE_METHOD_MATCH = YES;
				CODE_SIGN_IDENTITY = "iPhone Developer";
				COPY_PHASE_STRIP = NO;
				DEBUG_INFORMATION_FORMAT = dwarf;
				ENABLE_STRICT_OBJC_MSGSEND = YES;
				ENABLE_TESTABILITY = YES;
				GCC_C_LANGUAGE_STANDARD = gnu11;
				GCC_DYNAMIC_NO_PIC = NO;
				GCC_NO_COMMON_BLOCKS = YES;
				GCC_OPTIMIZATION_LEVEL = 0;
				GCC_PREPROCESSOR_DEFINITIONS = (
					"DEBUG=1",
					"$(inherited)",
				);
				GCC_WARN_64_TO_32_BIT_CONVERSION = YES;
				GCC_WARN_ABOUT_RETURN_TYPE = YES_ERROR;
				GCC_WARN_UNDECLARED_SELECTOR = YES;
				GCC_WARN_UNINITIALIZED_AUTOS = YES_AGGRESSIVE;
				GCC_WARN_UNUSED_FUNCTION = YES;
				GCC_WARN_UNUSED_VARIABLE = YES;
				IPHONEOS_DEPLOYMENT_TARGET = 11.2;
				MTL_ENABLE_DEBUG_INFO = YES;
				ONLY_ACTIVE_ARCH = YES;
				SDKROOT = iphoneos;
				SWIFT_ACTIVE_COMPILATION_CONDITIONS = DEBUG;
				SWIFT_OPTIMIZATION_LEVEL = "-Onone";
			};
			name = Debug;
		};
		BB68CCBF2048C8F900269AB0 /* Release */ = {
			isa = XCBuildConfiguration;
			buildSettings = {
				ALWAYS_SEARCH_USER_PATHS = NO;
				CLANG_ANALYZER_NONNULL = YES;
				CLANG_ANALYZER_NUMBER_OBJECT_CONVERSION = YES_AGGRESSIVE;
				CLANG_CXX_LANGUAGE_STANDARD = "gnu++14";
				CLANG_CXX_LIBRARY = "libc++";
				CLANG_ENABLE_MODULES = YES;
				CLANG_ENABLE_OBJC_ARC = YES;
				CLANG_WARN_BLOCK_CAPTURE_AUTORELEASING = YES;
				CLANG_WARN_BOOL_CONVERSION = YES;
				CLANG_WARN_COMMA = YES;
				CLANG_WARN_CONSTANT_CONVERSION = YES;
				CLANG_WARN_DIRECT_OBJC_ISA_USAGE = YES_ERROR;
				CLANG_WARN_DOCUMENTATION_COMMENTS = YES;
				CLANG_WARN_EMPTY_BODY = YES;
				CLANG_WARN_ENUM_CONVERSION = YES;
				CLANG_WARN_INFINITE_RECURSION = YES;
				CLANG_WARN_INT_CONVERSION = YES;
				CLANG_WARN_NON_LITERAL_NULL_CONVERSION = YES;
				CLANG_WARN_OBJC_LITERAL_CONVERSION = YES;
				CLANG_WARN_OBJC_ROOT_CLASS = YES_ERROR;
				CLANG_WARN_RANGE_LOOP_ANALYSIS = YES;
				CLANG_WARN_STRICT_PROTOTYPES = YES;
				CLANG_WARN_SUSPICIOUS_MOVE = YES;
				CLANG_WARN_UNGUARDED_AVAILABILITY = YES_AGGRESSIVE;
				CLANG_WARN_UNREACHABLE_CODE = YES;
				CLANG_WARN__DUPLICATE_METHOD_MATCH = YES;
				CODE_SIGN_IDENTITY = "iPhone Developer";
				COPY_PHASE_STRIP = NO;
				DEBUG_INFORMATION_FORMAT = "dwarf-with-dsym";
				ENABLE_NS_ASSERTIONS = NO;
				ENABLE_STRICT_OBJC_MSGSEND = YES;
				GCC_C_LANGUAGE_STANDARD = gnu11;
				GCC_NO_COMMON_BLOCKS = YES;
				GCC_WARN_64_TO_32_BIT_CONVERSION = YES;
				GCC_WARN_ABOUT_RETURN_TYPE = YES_ERROR;
				GCC_WARN_UNDECLARED_SELECTOR = YES;
				GCC_WARN_UNINITIALIZED_AUTOS = YES_AGGRESSIVE;
				GCC_WARN_UNUSED_FUNCTION = YES;
				GCC_WARN_UNUSED_VARIABLE = YES;
				IPHONEOS_DEPLOYMENT_TARGET = 11.2;
				MTL_ENABLE_DEBUG_INFO = NO;
				SDKROOT = iphoneos;
				SWIFT_OPTIMIZATION_LEVEL = "-Owholemodule";
				VALIDATE_PRODUCT = YES;
			};
			name = Release;
		};
		BB68CCC12048C8F900269AB0 /* Debug */ = {
			isa = XCBuildConfiguration;
			buildSettings = {
				ASSETCATALOG_COMPILER_APPICON_NAME = AppIcon;
				CODE_SIGN_STYLE = Automatic;
				DEVELOPMENT_TEAM = 8KDXR2K9TR;
				INFOPLIST_FILE = "Minhas Tarefas/Info.plist";
				LD_RUNPATH_SEARCH_PATHS = "$(inherited) @executable_path/Frameworks";
				PRODUCT_BUNDLE_IDENTIFIER = "com.Jonas.Minhas-Tarefas";
				PRODUCT_NAME = "$(TARGET_NAME)";
				SWIFT_VERSION = 4.0;
				TARGETED_DEVICE_FAMILY = "1,2";
			};
			name = Debug;
		};
		BB68CCC22048C8F900269AB0 /* Release */ = {
			isa = XCBuildConfiguration;
			buildSettings = {
				ASSETCATALOG_COMPILER_APPICON_NAME = AppIcon;
				CODE_SIGN_STYLE = Automatic;
				DEVELOPMENT_TEAM = 8KDXR2K9TR;
				INFOPLIST_FILE = "Minhas Tarefas/Info.plist";
				LD_RUNPATH_SEARCH_PATHS = "$(inherited) @executable_path/Frameworks";
				PRODUCT_BUNDLE_IDENTIFIER = "com.Jonas.Minhas-Tarefas";
				PRODUCT_NAME = "$(TARGET_NAME)";
				SWIFT_VERSION = 4.0;
				TARGETED_DEVICE_FAMILY = "1,2";
			};
			name = Release;
		};
/* End XCBuildConfiguration section */

/* Begin XCConfigurationList section */
		BB68CCA92048C8F900269AB0 /* Build configuration list for PBXProject "Minhas Tarefas" */ = {
			isa = XCConfigurationList;
			buildConfigurations = (
				BB68CCBE2048C8F900269AB0 /* Debug */,
				BB68CCBF2048C8F900269AB0 /* Release */,
			);
			defaultConfigurationIsVisible = 0;
			defaultConfigurationName = Release;
		};
		BB68CCC02048C8F900269AB0 /* Build configuration list for PBXNativeTarget "Minhas Tarefas" */ = {
			isa = XCConfigurationList;
			buildConfigurations = (
				BB68CCC12048C8F900269AB0 /* Debug */,
				BB68CCC22048C8F900269AB0 /* Release */,
			);
			defaultConfigurationIsVisible = 0;
			defaultConfigurationName = Release;
		};
/* End XCConfigurationList section */
	};
	rootObject = BB68CCA62048C8F900269AB0 /* Project object */;
}
